
Microsoft Visual Studio Solution File, Format Version 12.00
# Visual Studio 2013
VisualStudioVersion = 12.0.40629.0
MinimumVisualStudioVersion = 10.0.40219.1
Project("{FAE04EC0-301F-11D3-BF4B-00C04F79EFBC}") = "Event", "Event\Event.csproj", "{DD7D5E86-BC9F-40EB-864D-C2CCC6E37592}"
EndProject
Project("{FAE04EC0-301F-11D3-BF4B-00C04F79EFBC}") = "ReformatYourOwnCode", "ReformatYourOwnCode_old\ReformatYourOwnCode.csproj", "{03A29D50-73B4-4C10-A8B4-3EA0B37CB5BB}"
EndProject
Global
	GlobalSection(SolutionConfigurationPlatforms) = preSolution
		Debug|Any CPU = Debug|Any CPU
		Release|Any CPU = Release|Any CPU
	EndGlobalSection
	GlobalSection(ProjectConfigurationPlatforms) = postSolution
		{DD7D5E86-BC9F-40EB-864D-C2CCC6E37592}.Debug|Any CPU.ActiveCfg = Debug|Any CPU
		{DD7D5E86-BC9F-40EB-864D-C2CCC6E37592}.Debug|Any CPU.Build.0 = Debug|Any CPU
		{DD7D5E86-BC9F-40EB-864D-C2CCC6E37592}.Release|Any CPU.ActiveCfg = Release|Any CPU
		{DD7D5E86-BC9F-40EB-864D-C2CCC6E37592}.Release|Any CPU.Build.0 = Release|Any CPU
		{03A29D50-73B4-4C10-A8B4-3EA0B37CB5BB}.Debug|Any CPU.ActiveCfg = Debug|Any CPU
		{03A29D50-73B4-4C10-A8B4-3EA0B37CB5BB}.Debug|Any CPU.Build.0 = Debug|Any CPU
		{03A29D50-73B4-4C10-A8B4-3EA0B37CB5BB}.Release|Any CPU.ActiveCfg = Release|Any CPU
		{03A29D50-73B4-4C10-A8B4-3EA0B37CB5BB}.Release|Any CPU.Build.0 = Release|Any CPU
	EndGlobalSection
	GlobalSection(SolutionProperties) = preSolution
		HideSolutionNode = FALSE
	EndGlobalSection
EndGlobal
